// !$*UTF8*$!
{
	archiveVersion = 1;
	classes = {
	};
	objectVersion = 77;
	objects = {

/* Begin PBXBuildFile section */
		416322252EABE32C00D47CEA /* FirebaseAnalytics in Frameworks */ = {isa = PBXBuildFile; productRef = 416322242EABE32C00D47CEA /* FirebaseAnalytics */; };
		416322272EABE32C00D47CEA /* FirebaseAnalyticsCore in Frameworks */ = {isa = PBXBuildFile; productRef = 416322262EABE32C00D47CEA /* FirebaseAnalyticsCore */; };
		416322292EABE32C00D47CEA /* FirebaseAppDistribution-Beta in Frameworks */ = {isa = PBXBuildFile; productRef = 416322282EABE32C00D47CEA /* FirebaseAppDistribution-Beta */; };
		4163222B2EABE32C00D47CEA /* FirebaseAuth in Frameworks */ = {isa = PBXBuildFile; productRef = 4163222A2EABE32C00D47CEA /* FirebaseAuth */; };
		4163222D2EABE32C00D47CEA /* FirebaseCore in Frameworks */ = {isa = PBXBuildFile; productRef = 4163222C2EABE32C00D47CEA /* FirebaseCore */; };
		4163222F2EABE32C00D47CEA /* FirebaseCrashlytics in Frameworks */ = {isa = PBXBuildFile; productRef = 4163222E2EABE32C00D47CEA /* FirebaseCrashlytics */; };
		416322312EABE32C00D47CEA /* FirebaseMessaging in Frameworks */ = {isa = PBXBuildFile; productRef = 416322302EABE32C00D47CEA /* FirebaseMessaging */; };
		416322332EABE32C00D47CEA /* FirebaseRemoteConfig in Frameworks */ = {isa = PBXBuildFile; productRef = 416322322EABE32C00D47CEA /* FirebaseRemoteConfig */; };
		41D5B78D2E82B7AF00F2E7EA /* mydata.json in Resources */ = {isa = PBXBuildFile; fileRef = 41D5B78C2E82B79E00F2E7EA /* mydata.json */; };
/* End PBXBuildFile section */

/* Begin PBXContainerItemProxy section */
		41D5B7702E82B77300F2E7EA /* PBXContainerItemProxy */ = {
			isa = PBXContainerItemProxy;
			containerPortal = 41D5B7582E82B77100F2E7EA /* Project object */;
			proxyType = 1;
			remoteGlobalIDString = 41D5B75F2E82B77100F2E7EA;
			remoteInfo = dummy;
		};
		41D5B77A2E82B77300F2E7EA /* PBXContainerItemProxy */ = {
			isa = PBXContainerItemProxy;
			containerPortal = 41D5B7582E82B77100F2E7EA /* Project object */;
			proxyType = 1;
			remoteGlobalIDString = 41D5B75F2E82B77100F2E7EA;
			remoteInfo = dummy;
		};
/* End PBXContainerItemProxy section */

/* Begin PBXFileReference section */
		41D5B7602E82B77100F2E7EA /* MyExperimentations.app */ = {isa = PBXFileReference; explicitFileType = wrapper.application; includeInIndex = 0; path = MyExperimentations.app; sourceTree = BUILT_PRODUCTS_DIR; };
		41D5B76F2E82B77300F2E7EA /* MyExperimentationsTests.xctest */ = {isa = PBXFileReference; explicitFileType = wrapper.cfbundle; includeInIndex = 0; path = MyExperimentationsTests.xctest; sourceTree = BUILT_PRODUCTS_DIR; };
		41D5B7792E82B77300F2E7EA /* MyExperimentationsUITests.xctest */ = {isa = PBXFileReference; explicitFileType = wrapper.cfbundle; includeInIndex = 0; path = MyExperimentationsUITests.xctest; sourceTree = BUILT_PRODUCTS_DIR; };
		41D5B78C2E82B79E00F2E7EA /* mydata.json */ = {isa = PBXFileReference; lastKnownFileType = text.json; path = mydata.json; sourceTree = "<group>"; };
/* End PBXFileReference section */

/* Begin PBXFileSystemSynchronizedRootGroup section */
		41D5B7622E82B77100F2E7EA /* MyExperimentations */ = {
			isa = PBXFileSystemSynchronizedRootGroup;
			path = MyExperimentations;
			sourceTree = "<group>";
		};
		41D5B7722E82B77300F2E7EA /* MyExperimentationsTests */ = {
			isa = PBXFileSystemSynchronizedRootGroup;
			path = MyExperimentationsTests;
			sourceTree = "<group>";
		};
		41D5B77C2E82B77300F2E7EA /* MyExperimentationsUITests */ = {
			isa = PBXFileSystemSynchronizedRootGroup;
			path = MyExperimentationsUITests;
			sourceTree = "<group>";
		};
/* End PBXFileSystemSynchronizedRootGroup section */

/* Begin PBXFrameworksBuildPhase section */
		41D5B75D2E82B77100F2E7EA /* Frameworks */ = {
			isa = PBXFrameworksBuildPhase;
			buildActionMask = 2147483647;
			files = (
				416322252EABE32C00D47CEA /* FirebaseAnalytics in Frameworks */,
				4163222D2EABE32C00D47CEA /* FirebaseCore in Frameworks */,
				416322312EABE32C00D47CEA /* FirebaseMessaging in Frameworks */,
				416322272EABE32C00D47CEA /* FirebaseAnalyticsCore in Frameworks */,
				4163222F2EABE32C00D47CEA /* FirebaseCrashlytics in Frameworks */,
				416322292EABE32C00D47CEA /* FirebaseAppDistribution-Beta in Frameworks */,
				4163222B2EABE32C00D47CEA /* FirebaseAuth in Frameworks */,
				416322332EABE32C00D47CEA /* FirebaseRemoteConfig in Frameworks */,
			);
			runOnlyForDeploymentPostprocessing = 0;
		};
		41D5B76C2E82B77300F2E7EA /* Frameworks */ = {
			isa = PBXFrameworksBuildPhase;
			buildActionMask = 2147483647;
			files = (
			);
			runOnlyForDeploymentPostprocessing = 0;
		};
		41D5B7762E82B77300F2E7EA /* Frameworks */ = {
			isa = PBXFrameworksBuildPhase;
			buildActionMask = 2147483647;
			files = (
			);
			runOnlyForDeploymentPostprocessing = 0;
		};
/* End PBXFrameworksBuildPhase section */

/* Begin PBXGroup section */
		41D5B7572E82B77100F2E7EA = {
			isa = PBXGroup;
			children = (
				41D5B78C2E82B79E00F2E7EA /* mydata.json */,
				41D5B7622E82B77100F2E7EA /* MyExperimentations */,
				41D5B7722E82B77300F2E7EA /* MyExperimentationsTests */,
				41D5B77C2E82B77300F2E7EA /* MyExperimentationsUITests */,
				41D5B7612E82B77100F2E7EA /* Products */,
			);
			sourceTree = "<group>";
		};
		41D5B7612E82B77100F2E7EA /* Products */ = {
			isa = PBXGroup;
			children = (
				41D5B7602E82B77100F2E7EA /* MyExperimentations.app */,
				41D5B76F2E82B77300F2E7EA /* MyExperimentationsTests.xctest */,
				41D5B7792E82B77300F2E7EA /* MyExperimentationsUITests.xctest */,
			);
			name = Products;
			sourceTree = "<group>";
		};
/* End PBXGroup section */

/* Begin PBXNativeTarget section */
		41D5B75F2E82B77100F2E7EA /* MyExperimentations */ = {
			isa = PBXNativeTarget;
			buildConfigurationList = 41D5B7832E82B77300F2E7EA /* Build configuration list for PBXNativeTarget "MyExperimentations" */;
			buildPhases = (
				41D5B75C2E82B77100F2E7EA /* Sources */,
				41D5B75D2E82B77100F2E7EA /* Frameworks */,
				41D5B75E2E82B77100F2E7EA /* Resources */,
			);
			buildRules = (
			);
			dependencies = (
			);
			fileSystemSynchronizedGroups = (
				41D5B7622E82B77100F2E7EA /* MyExperimentations */,
			);
			name = MyExperimentations;
			packageProductDependencies = (
				416322242EABE32C00D47CEA /* FirebaseAnalytics */,
				416322262EABE32C00D47CEA /* FirebaseAnalyticsCore */,
				416322282EABE32C00D47CEA /* FirebaseAppDistribution-Beta */,
				4163222A2EABE32C00D47CEA /* FirebaseAuth */,
				4163222C2EABE32C00D47CEA /* FirebaseCore */,
				4163222E2EABE32C00D47CEA /* FirebaseCrashlytics */,
				416322302EABE32C00D47CEA /* FirebaseMessaging */,
				416322322EABE32C00D47CEA /* FirebaseRemoteConfig */,
			);
			productName = dummy;
			productReference = 41D5B7602E82B77100F2E7EA /* MyExperimentations.app */;
			productType = "com.apple.product-type.application";
		};
		41D5B76E2E82B77300F2E7EA /* MyExperimentationsTests */ = {
			isa = PBXNativeTarget;
			buildConfigurationList = 41D5B7862E82B77300F2E7EA /* Build configuration list for PBXNativeTarget "MyExperimentationsTests" */;
			buildPhases = (
				41D5B76B2E82B77300F2E7EA /* Sources */,
				41D5B76C2E82B77300F2E7EA /* Frameworks */,
				41D5B76D2E82B77300F2E7EA /* Resources */,
			);
			buildRules = (
			);
			dependencies = (
				41D5B7712E82B77300F2E7EA /* PBXTargetDependency */,
			);
			fileSystemSynchronizedGroups = (
				41D5B7722E82B77300F2E7EA /* MyExperimentationsTests */,
			);
			name = MyExperimentationsTests;
			packageProductDependencies = (
			);
			productName = dummyTests;
			productReference = 41D5B76F2E82B77300F2E7EA /* MyExperimentationsTests.xctest */;
			productType = "com.apple.product-type.bundle.unit-test";
		};
		41D5B7782E82B77300F2E7EA /* MyExperimentationsUITests */ = {
			isa = PBXNativeTarget;
			buildConfigurationList = 41D5B7892E82B77300F2E7EA /* Build configuration list for PBXNativeTarget "MyExperimentationsUITests" */;
			buildPhases = (
				41D5B7752E82B77300F2E7EA /* Sources */,
				41D5B7762E82B77300F2E7EA /* Frameworks */,
				41D5B7772E82B77300F2E7EA /* Resources */,
			);
			buildRules = (
			);
			dependencies = (
				41D5B77B2E82B77300F2E7EA /* PBXTargetDependency */,
			);
			fileSystemSynchronizedGroups = (
				41D5B77C2E82B77300F2E7EA /* MyExperimentationsUITests */,
			);
			name = MyExperimentationsUITests;
			packageProductDependencies = (
			);
			productName = dummyUITests;
			productReference = 41D5B7792E82B77300F2E7EA /* MyExperimentationsUITests.xctest */;
			productType = "com.apple.product-type.bundle.ui-testing";
		};
/* End PBXNativeTarget section */

/* Begin PBXProject section */
		41D5B7582E82B77100F2E7EA /* Project object */ = {
			isa = PBXProject;
			attributes = {
				BuildIndependentTargetsInParallel = 1;
				LastSwiftUpdateCheck = 2600;
				LastUpgradeCheck = 2600;
				TargetAttributes = {
					41D5B75F2E82B77100F2E7EA = {
						CreatedOnToolsVersion = 26.0.1;
					};
					41D5B76E2E82B77300F2E7EA = {
						CreatedOnToolsVersion = 26.0.1;
						TestTargetID = 41D5B75F2E82B77100F2E7EA;
					};
					41D5B7782E82B77300F2E7EA = {
						CreatedOnToolsVersion = 26.0.1;
						TestTargetID = 41D5B75F2E82B77100F2E7EA;
					};
				};
			};
			buildConfigurationList = 41D5B75B2E82B77100F2E7EA /* Build configuration list for PBXProject "MyExperimentations" */;
			developmentRegion = en;
			hasScannedForEncodings = 0;
			knownRegions = (
				en,
				Base,
			);
			mainGroup = 41D5B7572E82B77100F2E7EA;
			minimizedProjectReferenceProxies = 1;
			packageReferences = (
				416322232EABE32C00D47CEA /* XCRemoteSwiftPackageReference "firebase-ios-sdk" */,
			);
			preferredProjectObjectVersion = 77;
			productRefGroup = 41D5B7612E82B77100F2E7EA /* Products */;
			projectDirPath = "";
			projectRoot = "";
			targets = (
				41D5B75F2E82B77100F2E7EA /* MyExperimentations */,
				41D5B76E2E82B77300F2E7EA /* MyExperimentationsTests */,
				41D5B7782E82B77300F2E7EA /* MyExperimentationsUITests */,
			);
		};
/* End PBXProject section */

/* Begin PBXResourcesBuildPhase section */
		41D5B75E2E82B77100F2E7EA /* Resources */ = {
			isa = PBXResourcesBuildPhase;
			buildActionMask = 2147483647;
			files = (
				41D5B78D2E82B7AF00F2E7EA /* mydata.json in Resources */,
			);
			runOnlyForDeploymentPostprocessing = 0;
		};
		41D5B76D2E82B77300F2E7EA /* Resources */ = {
			isa = PBXResourcesBuildPhase;
			buildActionMask = 2147483647;
			files = (
			);
			runOnlyForDeploymentPostprocessing = 0;
		};
		41D5B7772E82B77300F2E7EA /* Resources */ = {
			isa = PBXResourcesBuildPhase;
			buildActionMask = 2147483647;
			files = (
			);
			runOnlyForDeploymentPostprocessing = 0;
		};
/* End PBXResourcesBuildPhase section */

/* Begin PBXSourcesBuildPhase section */
		41D5B75C2E82B77100F2E7EA /* Sources */ = {
			isa = PBXSourcesBuildPhase;
			buildActionMask = 2147483647;
			files = (
			);
			runOnlyForDeploymentPostprocessing = 0;
		};
		41D5B76B2E82B77300F2E7EA /* Sources */ = {
			isa = PBXSourcesBuildPhase;
			buildActionMask = 2147483647;
			files = (
			);
			runOnlyForDeploymentPostprocessing = 0;
		};
		41D5B7752E82B77300F2E7EA /* Sources */ = {
			isa = PBXSourcesBuildPhase;
			buildActionMask = 2147483647;
			files = (
			);
			runOnlyForDeploymentPostprocessing = 0;
		};
/* End PBXSourcesBuildPhase section */

/* Begin PBXTargetDependency section */
		41D5B7712E82B77300F2E7EA /* PBXTargetDependency */ = {
			isa = PBXTargetDependency;
			target = 41D5B75F2E82B77100F2E7EA /* MyExperimentations */;
			targetProxy = 41D5B7702E82B77300F2E7EA /* PBXContainerItemProxy */;
		};
		41D5B77B2E82B77300F2E7EA /* PBXTargetDependency */ = {
			isa = PBXTargetDependency;
			target = 41D5B75F2E82B77100F2E7EA /* MyExperimentations */;
			targetProxy = 41D5B77A2E82B77300F2E7EA /* PBXContainerItemProxy */;
		};
/* End PBXTargetDependency section */

/* Begin XCBuildConfiguration section */
		41D5B7812E82B77300F2E7EA /* Debug */ = {
			isa = XCBuildConfiguration;
			buildSettings = {
				ALWAYS_SEARCH_USER_PATHS = NO;
				ASSETCATALOG_COMPILER_GENERATE_SWIFT_ASSET_SYMBOL_EXTENSIONS = YES;
				CLANG_ANALYZER_NONNULL = YES;
				CLANG_ANALYZER_NUMBER_OBJECT_CONVERSION = YES_AGGRESSIVE;
				CLANG_CXX_LANGUAGE_STANDARD = "gnu++20";
				CLANG_ENABLE_MODULES = YES;
				CLANG_ENABLE_OBJC_ARC = YES;
				CLANG_ENABLE_OBJC_WEAK = YES;
				CLANG_WARN_BLOCK_CAPTURE_AUTORELEASING = YES;
				CLANG_WARN_BOOL_CONVERSION = YES;
				CLANG_WARN_COMMA = YES;
				CLANG_WARN_CONSTANT_CONVERSION = YES;
				CLANG_WARN_DEPRECATED_OBJC_IMPLEMENTATIONS = YES;
				CLANG_WARN_DIRECT_OBJC_ISA_USAGE = YES_ERROR;
				CLANG_WARN_DOCUMENTATION_COMMENTS = YES;
				CLANG_WARN_EMPTY_BODY = YES;
				CLANG_WARN_ENUM_CONVERSION = YES;
				CLANG_WARN_INFINITE_RECURSION = YES;
				CLANG_WARN_INT_CONVERSION = YES;
				CLANG_WARN_NON_LITERAL_NULL_CONVERSION = YES;
				CLANG_WARN_OBJC_IMPLICIT_RETAIN_SELF = YES;
				CLANG_WARN_OBJC_LITERAL_CONVERSION = YES;
				CLANG_WARN_OBJC_ROOT_CLASS = YES_ERROR;
				CLANG_WARN_QUOTED_INCLUDE_IN_FRAMEWORK_HEADER = YES;
				CLANG_WARN_RANGE_LOOP_ANALYSIS = YES;
				CLANG_WARN_STRICT_PROTOTYPES = YES;
				CLANG_WARN_SUSPICIOUS_MOVE = YES;
				CLANG_WARN_UNGUARDED_AVAILABILITY = YES_AGGRESSIVE;
				CLANG_WARN_UNREACHABLE_CODE = YES;
				CLANG_WARN__DUPLICATE_METHOD_MATCH = YES;
				COPY_PHASE_STRIP = NO;
				DEBUG_INFORMATION_FORMAT = dwarf;
				DEVELOPMENT_TEAM = NXD3KKB2C9;
				ENABLE_STRICT_OBJC_MSGSEND = YES;
				ENABLE_TESTABILITY = YES;
				ENABLE_USER_SCRIPT_SANDBOXING = YES;
				GCC_C_LANGUAGE_STANDARD = gnu17;
				GCC_DYNAMIC_NO_PIC = NO;
				GCC_NO_COMMON_BLOCKS = YES;
				GCC_OPTIMIZATION_LEVEL = 0;
				GCC_PREPROCESSOR_DEFINITIONS = (
					"DEBUG=1",
					"$(inherited)",
				);
				GCC_WARN_64_TO_32_BIT_CONVERSION = YES;
				GCC_WARN_ABOUT_RETURN_TYPE = YES_ERROR;
				GCC_WARN_UNDECLARED_SELECTOR = YES;
				GCC_WARN_UNINITIALIZED_AUTOS = YES_AGGRESSIVE;
				GCC_WARN_UNUSED_FUNCTION = YES;
				GCC_WARN_UNUSED_VARIABLE = YES;
				IPHONEOS_DEPLOYMENT_TARGET = 26.0;
				LOCALIZATION_PREFERS_STRING_CATALOGS = YES;
				MTL_ENABLE_DEBUG_INFO = INCLUDE_SOURCE;
				MTL_FAST_MATH = YES;
				ONLY_ACTIVE_ARCH = YES;
				SDKROOT = iphoneos;
				SWIFT_ACTIVE_COMPILATION_CONDITIONS = "DEBUG $(inherited)";
				SWIFT_OPTIMIZATION_LEVEL = "-Onone";
			};
			name = Debug;
		};
		41D5B7822E82B77300F2E7EA /* Release */ = {
			isa = XCBuildConfiguration;
			buildSettings = {
				ALWAYS_SEARCH_USER_PATHS = NO;
				ASSETCATALOG_COMPILER_GENERATE_SWIFT_ASSET_SYMBOL_EXTENSIONS = YES;
				CLANG_ANALYZER_NONNULL = YES;
				CLANG_ANALYZER_NUMBER_OBJECT_CONVERSION = YES_AGGRESSIVE;
				CLANG_CXX_LANGUAGE_STANDARD = "gnu++20";
				CLANG_ENABLE_MODULES = YES;
				CLANG_ENABLE_OBJC_ARC = YES;
				CLANG_ENABLE_OBJC_WEAK = YES;
				CLANG_WARN_BLOCK_CAPTURE_AUTORELEASING = YES;
				CLANG_WARN_BOOL_CONVERSION = YES;
				CLANG_WARN_COMMA = YES;
				CLANG_WARN_CONSTANT_CONVERSION = YES;
				CLANG_WARN_DEPRECATED_OBJC_IMPLEMENTATIONS = YES;
				CLANG_WARN_DIRECT_OBJC_ISA_USAGE = YES_ERROR;
				CLANG_WARN_DOCUMENTATION_COMMENTS = YES;
				CLANG_WARN_EMPTY_BODY = YES;
				CLANG_WARN_ENUM_CONVERSION = YES;
				CLANG_WARN_INFINITE_RECURSION = YES;
				CLANG_WARN_INT_CONVERSION = YES;
				CLANG_WARN_NON_LITERAL_NULL_CONVERSION = YES;
				CLANG_WARN_OBJC_IMPLICIT_RETAIN_SELF = YES;
				CLANG_WARN_OBJC_LITERAL_CONVERSION = YES;
				CLANG_WARN_OBJC_ROOT_CLASS = YES_ERROR;
				CLANG_WARN_QUOTED_INCLUDE_IN_FRAMEWORK_HEADER = YES;
				CLANG_WARN_RANGE_LOOP_ANALYSIS = YES;
				CLANG_WARN_STRICT_PROTOTYPES = YES;
				CLANG_WARN_SUSPICIOUS_MOVE = YES;
				CLANG_WARN_UNGUARDED_AVAILABILITY = YES_AGGRESSIVE;
				CLANG_WARN_UNREACHABLE_CODE = YES;
				CLANG_WARN__DUPLICATE_METHOD_MATCH = YES;
				COPY_PHASE_STRIP = NO;
				DEBUG_INFORMATION_FORMAT = "dwarf-with-dsym";
				DEVELOPMENT_TEAM = NXD3KKB2C9;
				ENABLE_NS_ASSERTIONS = NO;
				ENABLE_STRICT_OBJC_MSGSEND = YES;
				ENABLE_USER_SCRIPT_SANDBOXING = YES;
				GCC_C_LANGUAGE_STANDARD = gnu17;
				GCC_NO_COMMON_BLOCKS = YES;
				GCC_WARN_64_TO_32_BIT_CONVERSION = YES;
				GCC_WARN_ABOUT_RETURN_TYPE = YES_ERROR;
				GCC_WARN_UNDECLARED_SELECTOR = YES;
				GCC_WARN_UNINITIALIZED_AUTOS = YES_AGGRESSIVE;
				GCC_WARN_UNUSED_FUNCTION = YES;
				GCC_WARN_UNUSED_VARIABLE = YES;
				IPHONEOS_DEPLOYMENT_TARGET = 26.0;
				LOCALIZATION_PREFERS_STRING_CATALOGS = YES;
				MTL_ENABLE_DEBUG_INFO = NO;
				MTL_FAST_MATH = YES;
				SDKROOT = iphoneos;
				SWIFT_COMPILATION_MODE = wholemodule;
				VALIDATE_PRODUCT = YES;
			};
			name = Release;
		};
		41D5B7842E82B77300F2E7EA /* Debug */ = {
			isa = XCBuildConfiguration;
			buildSettings = {
				ASSETCATALOG_COMPILER_APPICON_NAME = AppIcon;
				ASSETCATALOG_COMPILER_GLOBAL_ACCENT_COLOR_NAME = AccentColor;
				CODE_SIGN_STYLE = Automatic;
				CURRENT_PROJECT_VERSION = 1;
				DEVELOPMENT_TEAM = NXD3KKB2C9;
				ENABLE_PREVIEWS = YES;
				GENERATE_INFOPLIST_FILE = YES;
				INFOPLIST_KEY_UIApplicationSceneManifest_Generation = YES;
				INFOPLIST_KEY_UIApplicationSupportsIndirectInputEvents = YES;
				INFOPLIST_KEY_UILaunchScreen_Generation = YES;
				INFOPLIST_KEY_UISupportedInterfaceOrientations_iPad = "UIInterfaceOrientationPortrait UIInterfaceOrientationPortraitUpsideDown UIInterfaceOrientationLandscapeLeft UIInterfaceOrientationLandscapeRight";
				INFOPLIST_KEY_UISupportedInterfaceOrientations_iPhone = "UIInterfaceOrientationPortrait UIInterfaceOrientationLandscapeLeft UIInterfaceOrientationLandscapeRight";
				LD_RUNPATH_SEARCH_PATHS = (
					"$(inherited)",
					"@executable_path/Frameworks",
				);
				MARKETING_VERSION = 1.0;
				PRODUCT_BUNDLE_IDENTIFIER = kg.erkan.myexperimentations;
				PRODUCT_NAME = "$(TARGET_NAME)";
				STRING_CATALOG_GENERATE_SYMBOLS = YES;
				SWIFT_APPROACHABLE_CONCURRENCY = YES;
				SWIFT_DEFAULT_ACTOR_ISOLATION = MainActor;
				SWIFT_EMIT_LOC_STRINGS = YES;
				SWIFT_UPCOMING_FEATURE_MEMBER_IMPORT_VISIBILITY = YES;
				SWIFT_VERSION = 5.0;
				TARGETED_DEVICE_FAMILY = "1,2";
			};
			name = Debug;
		};
		41D5B7852E82B77300F2E7EA /* Release */ = {
			isa = XCBuildConfiguration;
			buildSettings = {
				ASSETCATALOG_COMPILER_APPICON_NAME = AppIcon;
				ASSETCATALOG_COMPILER_GLOBAL_ACCENT_COLOR_NAME = AccentColor;
				CODE_SIGN_STYLE = Automatic;
				CURRENT_PROJECT_VERSION = 1;
				DEVELOPMENT_TEAM = NXD3KKB2C9;
				ENABLE_PREVIEWS = YES;
				GENERATE_INFOPLIST_FILE = YES;
				INFOPLIST_KEY_UIApplicationSceneManifest_Generation = YES;
				INFOPLIST_KEY_UIApplicationSupportsIndirectInputEvents = YES;
				INFOPLIST_KEY_UILaunchScreen_Generation = YES;
				INFOPLIST_KEY_UISupportedInterfaceOrientations_iPad = "UIInterfaceOrientationPortrait UIInterfaceOrientationPortraitUpsideDown UIInterfaceOrientationLandscapeLeft UIInterfaceOrientationLandscapeRight";
				INFOPLIST_KEY_UISupportedInterfaceOrientations_iPhone = "UIInterfaceOrientationPortrait UIInterfaceOrientationLandscapeLeft UIInterfaceOrientationLandscapeRight";
				LD_RUNPATH_SEARCH_PATHS = (
					"$(inherited)",
					"@executable_path/Frameworks",
				);
				MARKETING_VERSION = 1.0;
				PRODUCT_BUNDLE_IDENTIFIER = kg.erkan.myexperimentations;
				PRODUCT_NAME = "$(TARGET_NAME)";
				STRING_CATALOG_GENERATE_SYMBOLS = YES;
				SWIFT_APPROACHABLE_CONCURRENCY = YES;
				SWIFT_DEFAULT_ACTOR_ISOLATION = MainActor;
				SWIFT_EMIT_LOC_STRINGS = YES;
				SWIFT_UPCOMING_FEATURE_MEMBER_IMPORT_VISIBILITY = YES;
				SWIFT_VERSION = 5.0;
				TARGETED_DEVICE_FAMILY = "1,2";
			};
			name = Release;
		};
		41D5B7872E82B77300F2E7EA /* Debug */ = {
			isa = XCBuildConfiguration;
			buildSettings = {
				BUNDLE_LOADER = "$(TEST_HOST)";
				CODE_SIGN_STYLE = Automatic;
				CURRENT_PROJECT_VERSION = 1;
				DEVELOPMENT_TEAM = NXD3KKB2C9;
				GENERATE_INFOPLIST_FILE = YES;
				IPHONEOS_DEPLOYMENT_TARGET = 26.0;
				MARKETING_VERSION = 1.0;
				PRODUCT_BUNDLE_IDENTIFIER = kg.erkan.dummyTests;
				PRODUCT_NAME = "$(TARGET_NAME)";
				STRING_CATALOG_GENERATE_SYMBOLS = NO;
				SWIFT_APPROACHABLE_CONCURRENCY = YES;
				SWIFT_EMIT_LOC_STRINGS = NO;
				SWIFT_UPCOMING_FEATURE_MEMBER_IMPORT_VISIBILITY = YES;
				SWIFT_VERSION = 5.0;
				TARGETED_DEVICE_FAMILY = "1,2";
				TEST_HOST = "$(BUILT_PRODUCTS_DIR)/MyExperimentations.app/$(BUNDLE_EXECUTABLE_FOLDER_PATH)/MyExperimentations";
			};
			name = Debug;
		};
		41D5B7882E82B77300F2E7EA /* Release */ = {
			isa = XCBuildConfiguration;
			buildSettings = {
				BUNDLE_LOADER = "$(TEST_HOST)";
				CODE_SIGN_STYLE = Automatic;
				CURRENT_PROJECT_VERSION = 1;
				DEVELOPMENT_TEAM = NXD3KKB2C9;
				GENERATE_INFOPLIST_FILE = YES;
				IPHONEOS_DEPLOYMENT_TARGET = 26.0;
				MARKETING_VERSION = 1.0;
				PRODUCT_BUNDLE_IDENTIFIER = kg.erkan.dummyTests;
				PRODUCT_NAME = "$(TARGET_NAME)";
				STRING_CATALOG_GENERATE_SYMBOLS = NO;
				SWIFT_APPROACHABLE_CONCURRENCY = YES;
				SWIFT_EMIT_LOC_STRINGS = NO;
				SWIFT_UPCOMING_FEATURE_MEMBER_IMPORT_VISIBILITY = YES;
				SWIFT_VERSION = 5.0;
				TARGETED_DEVICE_FAMILY = "1,2";
				TEST_HOST = "$(BUILT_PRODUCTS_DIR)/MyExperimentations.app/$(BUNDLE_EXECUTABLE_FOLDER_PATH)/MyExperimentations";
			};
			name = Release;
		};
		41D5B78A2E82B77300F2E7EA /* Debug */ = {
			isa = XCBuildConfiguration;
			buildSettings = {
				CODE_SIGN_STYLE = Automatic;
				CURRENT_PROJECT_VERSION = 1;
				DEVELOPMENT_TEAM = NXD3KKB2C9;
				GENERATE_INFOPLIST_FILE = YES;
				MARKETING_VERSION = 1.0;
				PRODUCT_BUNDLE_IDENTIFIER = kg.erkan.dummyUITests;
				PRODUCT_NAME = "$(TARGET_NAME)";
				STRING_CATALOG_GENERATE_SYMBOLS = NO;
				SWIFT_APPROACHABLE_CONCURRENCY = YES;
				SWIFT_EMIT_LOC_STRINGS = NO;
				SWIFT_UPCOMING_FEATURE_MEMBER_IMPORT_VISIBILITY = YES;
				SWIFT_VERSION = 5.0;
				TARGETED_DEVICE_FAMILY = "1,2";
				TEST_TARGET_NAME = dummy;
			};
			name = Debug;
		};
		41D5B78B2E82B77300F2E7EA /* Release */ = {
			isa = XCBuildConfiguration;
			buildSettings = {
				CODE_SIGN_STYLE = Automatic;
				CURRENT_PROJECT_VERSION = 1;
				DEVELOPMENT_TEAM = NXD3KKB2C9;
				GENERATE_INFOPLIST_FILE = YES;
				MARKETING_VERSION = 1.0;
				PRODUCT_BUNDLE_IDENTIFIER = kg.erkan.dummyUITests;
				PRODUCT_NAME = "$(TARGET_NAME)";
				STRING_CATALOG_GENERATE_SYMBOLS = NO;
				SWIFT_APPROACHABLE_CONCURRENCY = YES;
				SWIFT_EMIT_LOC_STRINGS = NO;
				SWIFT_UPCOMING_FEATURE_MEMBER_IMPORT_VISIBILITY = YES;
				SWIFT_VERSION = 5.0;
				TARGETED_DEVICE_FAMILY = "1,2";
				TEST_TARGET_NAME = dummy;
			};
			name = Release;
		};
/* End XCBuildConfiguration section */

/* Begin XCConfigurationList section */
		41D5B75B2E82B77100F2E7EA /* Build configuration list for PBXProject "MyExperimentations" */ = {
			isa = XCConfigurationList;
			buildConfigurations = (
				41D5B7812E82B77300F2E7EA /* Debug */,
				41D5B7822E82B77300F2E7EA /* Release */,
			);
			defaultConfigurationIsVisible = 0;
			defaultConfigurationName = Release;
		};
		41D5B7832E82B77300F2E7EA /* Build configuration list for PBXNativeTarget "MyExperimentations" */ = {
			isa = XCConfigurationList;
			buildConfigurations = (
				41D5B7842E82B77300F2E7EA /* Debug */,
				41D5B7852E82B77300F2E7EA /* Release */,
			);
			defaultConfigurationIsVisible = 0;
			defaultConfigurationName = Release;
		};
		41D5B7862E82B77300F2E7EA /* Build configuration list for PBXNativeTarget "MyExperimentationsTests" */ = {
			isa = XCConfigurationList;
			buildConfigurations = (
				41D5B7872E82B77300F2E7EA /* Debug */,
				41D5B7882E82B77300F2E7EA /* Release */,
			);
			defaultConfigurationIsVisible = 0;
			defaultConfigurationName = Release;
		};
		41D5B7892E82B77300F2E7EA /* Build configuration list for PBXNativeTarget "MyExperimentationsUITests" */ = {
			isa = XCConfigurationList;
			buildConfigurations = (
				41D5B78A2E82B77300F2E7EA /* Debug */,
				41D5B78B2E82B77300F2E7EA /* Release */,
			);
			defaultConfigurationIsVisible = 0;
			defaultConfigurationName = Release;
		};
/* End XCConfigurationList section */

/* Begin XCRemoteSwiftPackageReference section */
		416322232EABE32C00D47CEA /* XCRemoteSwiftPackageReference "firebase-ios-sdk" */ = {
			isa = XCRemoteSwiftPackageReference;
			repositoryURL = "https://github.com/firebase/firebase-ios-sdk";
			requirement = {
				kind = upToNextMajorVersion;
				minimumVersion = 12.4.0;
			};
		};
/* End XCRemoteSwiftPackageReference section */

/* Begin XCSwiftPackageProductDependency section */
		416322242EABE32C00D47CEA /* FirebaseAnalytics */ = {
			isa = XCSwiftPackageProductDependency;
			package = 416322232EABE32C00D47CEA /* XCRemoteSwiftPackageReference "firebase-ios-sdk" */;
			productName = FirebaseAnalytics;
		};
		416322262EABE32C00D47CEA /* FirebaseAnalyticsCore */ = {
			isa = XCSwiftPackageProductDependency;
			package = 416322232EABE32C00D47CEA /* XCRemoteSwiftPackageReference "firebase-ios-sdk" */;
			productName = FirebaseAnalyticsCore;
		};
		416322282EABE32C00D47CEA /* FirebaseAppDistribution-Beta */ = {
			isa = XCSwiftPackageProductDependency;
			package = 416322232EABE32C00D47CEA /* XCRemoteSwiftPackageReference "firebase-ios-sdk" */;
			productName = "FirebaseAppDistribution-Beta";
		};
		4163222A2EABE32C00D47CEA /* FirebaseAuth */ = {
			isa = XCSwiftPackageProductDependency;
			package = 416322232EABE32C00D47CEA /* XCRemoteSwiftPackageReference "firebase-ios-sdk" */;
			productName = FirebaseAuth;
		};
		4163222C2EABE32C00D47CEA /* FirebaseCore */ = {
			isa = XCSwiftPackageProductDependency;
			package = 416322232EABE32C00D47CEA /* XCRemoteSwiftPackageReference "firebase-ios-sdk" */;
			productName = FirebaseCore;
		};
		4163222E2EABE32C00D47CEA /* FirebaseCrashlytics */ = {
			isa = XCSwiftPackageProductDependency;
			package = 416322232EABE32C00D47CEA /* XCRemoteSwiftPackageReference "firebase-ios-sdk" */;
			productName = FirebaseCrashlytics;
		};
		416322302EABE32C00D47CEA /* FirebaseMessaging */ = {
			isa = XCSwiftPackageProductDependency;
			package = 416322232EABE32C00D47CEA /* XCRemoteSwiftPackageReference "firebase-ios-sdk" */;
			productName = FirebaseMessaging;
		};
		416322322EABE32C00D47CEA /* FirebaseRemoteConfig */ = {
			isa = XCSwiftPackageProductDependency;
			package = 416322232EABE32C00D47CEA /* XCRemoteSwiftPackageReference "firebase-ios-sdk" */;
			productName = FirebaseRemoteConfig;
		};
/* End XCSwiftPackageProductDependency section */
	};
	rootObject = 41D5B7582E82B77100F2E7EA /* Project object */;
}
